
Microsoft Visual Studio Solution File, Format Version 12.00
# Visual Studio Version 17
VisualStudioVersion = 17.5.001.0
MinimumVisualStudioVersion = 10.0.40219.1
Project("{2150E333-8FDC-42A3-9474-1A3956D46DE8}") = "csharp-prep", "csharp-prep", "{A04AEF1E-C4DB-4C0F-9C79-AB92805C09AB}"
EndProject
Project("{9A19103F-16F7-4668-BE54-9A1E7A4F7556}") = "Prep1", "csharp-prep\Prep1\Prep1.csproj", "{8F267373-B6BA-4558-B2F8-2A6FEF4FA1BC}"
EndProject
Project("{9A19103F-16F7-4668-BE54-9A1E7A4F7556}") = "Prep2", "csharp-prep\Prep2\Prep2.csproj", "{0C8FDD9C-9500-46EF-8A64-975B01CF9FF8}"
EndProject
Project("{9A19103F-16F7-4668-BE54-9A1E7A4F7556}") = "Prep3", "csharp-prep\Prep3\Prep3.csproj", "{03556DA4-0344-4AA8-B617-D165D3D97203}"
EndProject
Project("{9A19103F-16F7-4668-BE54-9A1E7A4F7556}") = "Prep4", "csharp-prep\Prep4\Prep4.csproj", "{EAFFAC44-67E3-4687-A874-32ADB5501AF3}"
EndProject
Project("{9A19103F-16F7-4668-BE54-9A1E7A4F7556}") = "Prep5", "csharp-prep\Prep5\Prep5.csproj", "{2A2EAE08-0143-4D39-B3D3-E8151F3EBFD5}"
EndProject
Project("{2150E333-8FDC-42A3-9474-1A3956D46DE8}") = "final", "final", "{C5142CB6-3EF8-419F-A338-D2C474E8EAB9}"
EndProject
Project("{9A19103F-16F7-4668-BE54-9A1E7A4F7556}") = "FinalProject", "final\FinalProject\FinalProject.csproj", "{726166EB-DB03-43C7-AFCE-96D95B6AC296}"
EndProject
Project("{9A19103F-16F7-4668-BE54-9A1E7A4F7556}") = "Foundation1", "final\Foundation1\Foundation1.csproj", "{C0ACE42C-841F-4B7F-BA18-2D9C285EF82D}"
EndProject
Project("{9A19103F-16F7-4668-BE54-9A1E7A4F7556}") = "Foundation2", "final\Foundation2\Foundation2.csproj", "{C2ECF5D8-CC8C-4ADB-8DB3-0720085F64DF}"
EndProject
Project("{9A19103F-16F7-4668-BE54-9A1E7A4F7556}") = "Foundation3", "final\Foundation3\Foundation3.csproj", "{1F6F215D-5352-4C77-A1EA-D80106911E0F}"
EndProject
Project("{9A19103F-16F7-4668-BE54-9A1E7A4F7556}") = "Foundation4", "final\Foundation4\Foundation4.csproj", "{B4321CD7-C8FD-45C6-A4BD-8BF9B666CA73}"
EndProject
Project("{2150E333-8FDC-42A3-9474-1A3956D46DE8}") = "prepare", "prepare", "{38F11D61-3D22-407D-9217-820C0A287CC7}"
EndProject
Project("{9A19103F-16F7-4668-BE54-9A1E7A4F7556}") = "Learning02", "prepare\Learning02\Learning02.csproj", "{C94053BC-7D34-43CF-BD73-C256EE8AFDB5}"
EndProject
Project("{9A19103F-16F7-4668-BE54-9A1E7A4F7556}") = "Learning03", "prepare\Learning03\Learning03.csproj", "{247E9A0A-FC1D-45C5-936D-E51FCEC9D4E7}"
EndProject
Project("{9A19103F-16F7-4668-BE54-9A1E7A4F7556}") = "Learning04", "prepare\Learning04\Learning04.csproj", "{9EFEE239-F095-4CC1-9D01-175ACE5A9894}"
EndProject
Project("{9A19103F-16F7-4668-BE54-9A1E7A4F7556}") = "Learning05", "prepare\Learning05\Learning05.csproj", "{B75E0644-D98F-4AFF-A3E2-811F98307284}"
EndProject
Project("{2150E333-8FDC-42A3-9474-1A3956D46DE8}") = "prove", "prove", "{D2BB5E88-A219-444B-9038-B13695340AC0}"
EndProject
Project("{9A19103F-16F7-4668-BE54-9A1E7A4F7556}") = "Develop02", "prove\Develop02\Develop02.csproj", "{5F3E479F-C971-482A-B5AE-757427B5C55A}"
EndProject
Project("{9A19103F-16F7-4668-BE54-9A1E7A4F7556}") = "Develop03", "prove\Develop03\Develop03.csproj", "{8CD5F053-87E0-43DE-8A80-3D9599DC6497}"
EndProject
Project("{9A19103F-16F7-4668-BE54-9A1E7A4F7556}") = "Develop04", "prove\Develop04\Develop04.csproj", "{A78085EE-460E-457D-B095-37223402FC0E}"
EndProject
Project("{9A19103F-16F7-4668-BE54-9A1E7A4F7556}") = "Develop05", "prove\Develop05\Develop05.csproj", "{04CAF824-027D-4BD7-8CE2-742014D19A80}"
EndProject
Project("{2150E333-8FDC-42A3-9474-1A3956D46DE8}") = "sandbox", "sandbox", "{C84900B6-F319-4235-B15C-9FE6F7F8B82F}"
EndProject
Project("{9A19103F-16F7-4668-BE54-9A1E7A4F7556}") = "Sandbox", "sandbox\Sandbox\Sandbox.csproj", "{3AD0AE81-44B4-4D4B-8F72-4D62CF7F950B}"
EndProject
Global
	GlobalSection(SolutionConfigurationPlatforms) = preSolution
		Debug|Any CPU = Debug|Any CPU
		Release|Any CPU = Release|Any CPU
	EndGlobalSection
	GlobalSection(ProjectConfigurationPlatforms) = postSolution
		{8F267373-B6BA-4558-B2F8-2A6FEF4FA1BC}.Debug|Any CPU.ActiveCfg = Debug|Any CPU
		{8F267373-B6BA-4558-B2F8-2A6FEF4FA1BC}.Debug|Any CPU.Build.0 = Debug|Any CPU
		{8F267373-B6BA-4558-B2F8-2A6FEF4FA1BC}.Release|Any CPU.ActiveCfg = Release|Any CPU
		{8F267373-B6BA-4558-B2F8-2A6FEF4FA1BC}.Release|Any CPU.Build.0 = Release|Any CPU
		{0C8FDD9C-9500-46EF-8A64-975B01CF9FF8}.Debug|Any CPU.ActiveCfg = Debug|Any CPU
		{0C8FDD9C-9500-46EF-8A64-975B01CF9FF8}.Debug|Any CPU.Build.0 = Debug|Any CPU
		{0C8FDD9C-9500-46EF-8A64-975B01CF9FF8}.Release|Any CPU.ActiveCfg = Release|Any CPU
		{0C8FDD9C-9500-46EF-8A64-975B01CF9FF8}.Release|Any CPU.Build.0 = Release|Any CPU
		{03556DA4-0344-4AA8-B617-D165D3D97203}.Debug|Any CPU.ActiveCfg = Debug|Any CPU
		{03556DA4-0344-4AA8-B617-D165D3D97203}.Debug|Any CPU.Build.0 = Debug|Any CPU
		{03556DA4-0344-4AA8-B617-D165D3D97203}.Release|Any CPU.ActiveCfg = Release|Any CPU
		{03556DA4-0344-4AA8-B617-D165D3D97203}.Release|Any CPU.Build.0 = Release|Any CPU
		{EAFFAC44-67E3-4687-A874-32ADB5501AF3}.Debug|Any CPU.ActiveCfg = Debug|Any CPU
		{EAFFAC44-67E3-4687-A874-32ADB5501AF3}.Debug|Any CPU.Build.0 = Debug|Any CPU
		{EAFFAC44-67E3-4687-A874-32ADB5501AF3}.Release|Any CPU.ActiveCfg = Release|Any CPU
		{EAFFAC44-67E3-4687-A874-32ADB5501AF3}.Release|Any CPU.Build.0 = Release|Any CPU
		{2A2EAE08-0143-4D39-B3D3-E8151F3EBFD5}.Debug|Any CPU.ActiveCfg = Debug|Any CPU
		{2A2EAE08-0143-4D39-B3D3-E8151F3EBFD5}.Debug|Any CPU.Build.0 = Debug|Any CPU
		{2A2EAE08-0143-4D39-B3D3-E8151F3EBFD5}.Release|Any CPU.ActiveCfg = Release|Any CPU
		{2A2EAE08-0143-4D39-B3D3-E8151F3EBFD5}.Release|Any CPU.Build.0 = Release|Any CPU
		{726166EB-DB03-43C7-AFCE-96D95B6AC296}.Debug|Any CPU.ActiveCfg = Debug|Any CPU
		{726166EB-DB03-43C7-AFCE-96D95B6AC296}.Debug|Any CPU.Build.0 = Debug|Any CPU
		{726166EB-DB03-43C7-AFCE-96D95B6AC296}.Release|Any CPU.ActiveCfg = Release|Any CPU
		{726166EB-DB03-43C7-AFCE-96D95B6AC296}.Release|Any CPU.Build.0 = Release|Any CPU
		{C0ACE42C-841F-4B7F-BA18-2D9C285EF82D}.Debug|Any CPU.ActiveCfg = Debug|Any CPU
		{C0ACE42C-841F-4B7F-BA18-2D9C285EF82D}.Debug|Any CPU.Build.0 = Debug|Any CPU
		{C0ACE42C-841F-4B7F-BA18-2D9C285EF82D}.Release|Any CPU.ActiveCfg = Release|Any CPU
		{C0ACE42C-841F-4B7F-BA18-2D9C285EF82D}.Release|Any CPU.Build.0 = Release|Any CPU
		{C2ECF5D8-CC8C-4ADB-8DB3-0720085F64DF}.Debug|Any CPU.ActiveCfg = Debug|Any CPU
		{C2ECF5D8-CC8C-4ADB-8DB3-0720085F64DF}.Debug|Any CPU.Build.0 = Debug|Any CPU
		{C2ECF5D8-CC8C-4ADB-8DB3-0720085F64DF}.Release|Any CPU.ActiveCfg = Release|Any CPU
		{C2ECF5D8-CC8C-4ADB-8DB3-0720085F64DF}.Release|Any CPU.Build.0 = Release|Any CPU
		{1F6F215D-5352-4C77-A1EA-D80106911E0F}.Debug|Any CPU.ActiveCfg = Debug|Any CPU
		{1F6F215D-5352-4C77-A1EA-D80106911E0F}.Debug|Any CPU.Build.0 = Debug|Any CPU
		{1F6F215D-5352-4C77-A1EA-D80106911E0F}.Release|Any CPU.ActiveCfg = Release|Any CPU
		{1F6F215D-5352-4C77-A1EA-D80106911E0F}.Release|Any CPU.Build.0 = Release|Any CPU
		{B4321CD7-C8FD-45C6-A4BD-8BF9B666CA73}.Debug|Any CPU.ActiveCfg = Debug|Any CPU
		{B4321CD7-C8FD-45C6-A4BD-8BF9B666CA73}.Debug|Any CPU.Build.0 = Debug|Any CPU
		{B4321CD7-C8FD-45C6-A4BD-8BF9B666CA73}.Release|Any CPU.ActiveCfg = Release|Any CPU
		{B4321CD7-C8FD-45C6-A4BD-8BF9B666CA73}.Release|Any CPU.Build.0 = Release|Any CPU
		{C94053BC-7D34-43CF-BD73-C256EE8AFDB5}.Debug|Any CPU.ActiveCfg = Debug|Any CPU
		{C94053BC-7D34-43CF-BD73-C256EE8AFDB5}.Debug|Any CPU.Build.0 = Debug|Any CPU
		{C94053BC-7D34-43CF-BD73-C256EE8AFDB5}.Release|Any CPU.ActiveCfg = Release|Any CPU
		{C94053BC-7D34-43CF-BD73-C256EE8AFDB5}.Release|Any CPU.Build.0 = Release|Any CPU
		{247E9A0A-FC1D-45C5-936D-E51FCEC9D4E7}.Debug|Any CPU.ActiveCfg = Debug|Any CPU
		{247E9A0A-FC1D-45C5-936D-E51FCEC9D4E7}.Debug|Any CPU.Build.0 = Debug|Any CPU
		{247E9A0A-FC1D-45C5-936D-E51FCEC9D4E7}.Release|Any CPU.ActiveCfg = Release|Any CPU
		{247E9A0A-FC1D-45C5-936D-E51FCEC9D4E7}.Release|Any CPU.Build.0 = Release|Any CPU
		{9EFEE239-F095-4CC1-9D01-175ACE5A9894}.Debug|Any CPU.ActiveCfg = Debug|Any CPU
		{9EFEE239-F095-4CC1-9D01-175ACE5A9894}.Debug|Any CPU.Build.0 = Debug|Any CPU
		{9EFEE239-F095-4CC1-9D01-175ACE5A9894}.Release|Any CPU.ActiveCfg = Release|Any CPU
		{9EFEE239-F095-4CC1-9D01-175ACE5A9894}.Release|Any CPU.Build.0 = Release|Any CPU
		{B75E0644-D98F-4AFF-A3E2-811F98307284}.Debug|Any CPU.ActiveCfg = Debug|Any CPU
		{B75E0644-D98F-4AFF-A3E2-811F98307284}.Debug|Any CPU.Build.0 = Debug|Any CPU
		{B75E0644-D98F-4AFF-A3E2-811F98307284}.Release|Any CPU.ActiveCfg = Release|Any CPU
		{B75E0644-D98F-4AFF-A3E2-811F98307284}.Release|Any CPU.Build.0 = Release|Any CPU
		{5F3E479F-C971-482A-B5AE-757427B5C55A}.Debug|Any CPU.ActiveCfg = Debug|Any CPU
		{5F3E479F-C971-482A-B5AE-757427B5C55A}.Debug|Any CPU.Build.0 = Debug|Any CPU
		{5F3E479F-C971-482A-B5AE-757427B5C55A}.Release|Any CPU.ActiveCfg = Release|Any CPU
		{5F3E479F-C971-482A-B5AE-757427B5C55A}.Release|Any CPU.Build.0 = Release|Any CPU
		{8CD5F053-87E0-43DE-8A80-3D9599DC6497}.Debug|Any CPU.ActiveCfg = Debug|Any CPU
		{8CD5F053-87E0-43DE-8A80-3D9599DC6497}.Debug|Any CPU.Build.0 = Debug|Any CPU
		{8CD5F053-87E0-43DE-8A80-3D9599DC6497}.Release|Any CPU.ActiveCfg = Release|Any CPU
		{8CD5F053-87E0-43DE-8A80-3D9599DC6497}.Release|Any CPU.Build.0 = Release|Any CPU
		{A78085EE-460E-457D-B095-37223402FC0E}.Debug|Any CPU.ActiveCfg = Debug|Any CPU
		{A78085EE-460E-457D-B095-37223402FC0E}.Debug|Any CPU.Build.0 = Debug|Any CPU
		{A78085EE-460E-457D-B095-37223402FC0E}.Release|Any CPU.ActiveCfg = Release|Any CPU
		{A78085EE-460E-457D-B095-37223402FC0E}.Release|Any CPU.Build.0 = Release|Any CPU
		{04CAF824-027D-4BD7-8CE2-742014D19A80}.Debug|Any CPU.ActiveCfg = Debug|Any CPU
		{04CAF824-027D-4BD7-8CE2-742014D19A80}.Debug|Any CPU.Build.0 = Debug|Any CPU
		{04CAF824-027D-4BD7-8CE2-742014D19A80}.Release|Any CPU.ActiveCfg = Release|Any CPU
		{04CAF824-027D-4BD7-8CE2-742014D19A80}.Release|Any CPU.Build.0 = Release|Any CPU
		{3AD0AE81-44B4-4D4B-8F72-4D62CF7F950B}.Debug|Any CPU.ActiveCfg = Debug|Any CPU
		{3AD0AE81-44B4-4D4B-8F72-4D62CF7F950B}.Debug|Any CPU.Build.0 = Debug|Any CPU
		{3AD0AE81-44B4-4D4B-8F72-4D62CF7F950B}.Release|Any CPU.ActiveCfg = Release|Any CPU
		{3AD0AE81-44B4-4D4B-8F72-4D62CF7F950B}.Release|Any CPU.Build.0 = Release|Any CPU
	EndGlobalSection
	GlobalSection(SolutionProperties) = preSolution
		HideSolutionNode = FALSE
	EndGlobalSection
	GlobalSection(NestedProjects) = preSolution
		{8F267373-B6BA-4558-B2F8-2A6FEF4FA1BC} = {A04AEF1E-C4DB-4C0F-9C79-AB92805C09AB}
		{0C8FDD9C-9500-46EF-8A64-975B01CF9FF8} = {A04AEF1E-C4DB-4C0F-9C79-AB92805C09AB}
		{03556DA4-0344-4AA8-B617-D165D3D97203} = {A04AEF1E-C4DB-4C0F-9C79-AB92805C09AB}
		{EAFFAC44-67E3-4687-A874-32ADB5501AF3} = {A04AEF1E-C4DB-4C0F-9C79-AB92805C09AB}
		{2A2EAE08-0143-4D39-B3D3-E8151F3EBFD5} = {A04AEF1E-C4DB-4C0F-9C79-AB92805C09AB}
		{726166EB-DB03-43C7-AFCE-96D95B6AC296} = {C5142CB6-3EF8-419F-A338-D2C474E8EAB9}
		{C0ACE42C-841F-4B7F-BA18-2D9C285EF82D} = {C5142CB6-3EF8-419F-A338-D2C474E8EAB9}
		{C2ECF5D8-CC8C-4ADB-8DB3-0720085F64DF} = {C5142CB6-3EF8-419F-A338-D2C474E8EAB9}
		{1F6F215D-5352-4C77-A1EA-D80106911E0F} = {C5142CB6-3EF8-419F-A338-D2C474E8EAB9}
		{B4321CD7-C8FD-45C6-A4BD-8BF9B666CA73} = {C5142CB6-3EF8-419F-A338-D2C474E8EAB9}
		{C94053BC-7D34-43CF-BD73-C256EE8AFDB5} = {38F11D61-3D22-407D-9217-820C0A287CC7}
		{247E9A0A-FC1D-45C5-936D-E51FCEC9D4E7} = {38F11D61-3D22-407D-9217-820C0A287CC7}
		{9EFEE239-F095-4CC1-9D01-175ACE5A9894} = {38F11D61-3D22-407D-9217-820C0A287CC7}
		{B75E0644-D98F-4AFF-A3E2-811F98307284} = {38F11D61-3D22-407D-9217-820C0A287CC7}
		{5F3E479F-C971-482A-B5AE-757427B5C55A} = {D2BB5E88-A219-444B-9038-B13695340AC0}
		{8CD5F053-87E0-43DE-8A80-3D9599DC6497} = {D2BB5E88-A219-444B-9038-B13695340AC0}
		{A78085EE-460E-457D-B095-37223402FC0E} = {D2BB5E88-A219-444B-9038-B13695340AC0}
		{04CAF824-027D-4BD7-8CE2-742014D19A80} = {D2BB5E88-A219-444B-9038-B13695340AC0}
		{3AD0AE81-44B4-4D4B-8F72-4D62CF7F950B} = {C84900B6-F319-4235-B15C-9FE6F7F8B82F}
	EndGlobalSection
	GlobalSection(ExtensibilityGlobals) = postSolution
		SolutionGuid = {5C845D89-4478-4F73-8825-441CD68742D1}
	EndGlobalSection
EndGlobal
